
Microsoft Visual Studio Solution File, Format Version 12.00
# Visual Studio Version 16
VisualStudioVersion = 16.0.29009.5
MinimumVisualStudioVersion = 10.0.40219.1
Project("{FAE04EC0-301F-11D3-BF4B-00C04F79EFBC}") = "FinTax.Core", "FinTax.Core\FinTax.Core.csproj", "{732E1AC4-7CBA-4853-A3CE-F0BE34B4E13F}"
EndProject
Project("{FAE04EC0-301F-11D3-BF4B-00C04F79EFBC}") = "FinTax.DataAccess.InMemory", "FinTax.DataAccess.InMemory\FinTax.DataAccess.InMemory.csproj", "{B0723BB5-4722-4D1B-AEF1-20AE06B426E3}"
EndProject
Project("{FAE04EC0-301F-11D3-BF4B-00C04F79EFBC}") = "FinTax.DataAccess.SQL", "FinTax.DataAccess.SQL\FinTax.DataAccess.SQL.csproj", "{76763B85-91CE-4157-AE6E-F3208AE41841}"
EndProject
Project("{FAE04EC0-301F-11D3-BF4B-00C04F79EFBC}") = "FinTax.Service", "FinTax.Service\FinTax.Service.csproj", "{1DEFEC3C-127A-47FB-BD22-6BE9EC601D5A}"
EndProject
Project("{FAE04EC0-301F-11D3-BF4B-00C04F79EFBC}") = "FinTax.WebUI", "FinTax.WebUI\FinTax.WebUI.csproj", "{B4CEC65A-E5C8-4872-A6AA-F1D036C95CD4}"
EndProject
Project("{FAE04EC0-301F-11D3-BF4B-00C04F79EFBC}") = "FinTax.WebUI.Tests", "FinTax.WebUI.Tests\FinTax.WebUI.Tests.csproj", "{9415FFAD-7690-45B4-84B1-4B6B9ADEB041}"
EndProject
Global
	GlobalSection(SolutionConfigurationPlatforms) = preSolution
		Debug|Any CPU = Debug|Any CPU
		Release|Any CPU = Release|Any CPU
	EndGlobalSection
	GlobalSection(ProjectConfigurationPlatforms) = postSolution
		{732E1AC4-7CBA-4853-A3CE-F0BE34B4E13F}.Debug|Any CPU.ActiveCfg = Debug|Any CPU
		{732E1AC4-7CBA-4853-A3CE-F0BE34B4E13F}.Debug|Any CPU.Build.0 = Debug|Any CPU
		{732E1AC4-7CBA-4853-A3CE-F0BE34B4E13F}.Release|Any CPU.ActiveCfg = Release|Any CPU
		{732E1AC4-7CBA-4853-A3CE-F0BE34B4E13F}.Release|Any CPU.Build.0 = Release|Any CPU
		{B0723BB5-4722-4D1B-AEF1-20AE06B426E3}.Debug|Any CPU.ActiveCfg = Debug|Any CPU
		{B0723BB5-4722-4D1B-AEF1-20AE06B426E3}.Debug|Any CPU.Build.0 = Debug|Any CPU
		{B0723BB5-4722-4D1B-AEF1-20AE06B426E3}.Release|Any CPU.ActiveCfg = Release|Any CPU
		{B0723BB5-4722-4D1B-AEF1-20AE06B426E3}.Release|Any CPU.Build.0 = Release|Any CPU
		{76763B85-91CE-4157-AE6E-F3208AE41841}.Debug|Any CPU.ActiveCfg = Debug|Any CPU
		{76763B85-91CE-4157-AE6E-F3208AE41841}.Debug|Any CPU.Build.0 = Debug|Any CPU
		{76763B85-91CE-4157-AE6E-F3208AE41841}.Release|Any CPU.ActiveCfg = Release|Any CPU
		{76763B85-91CE-4157-AE6E-F3208AE41841}.Release|Any CPU.Build.0 = Release|Any CPU
		{1DEFEC3C-127A-47FB-BD22-6BE9EC601D5A}.Debug|Any CPU.ActiveCfg = Debug|Any CPU
		{1DEFEC3C-127A-47FB-BD22-6BE9EC601D5A}.Debug|Any CPU.Build.0 = Debug|Any CPU
		{1DEFEC3C-127A-47FB-BD22-6BE9EC601D5A}.Release|Any CPU.ActiveCfg = Release|Any CPU
		{1DEFEC3C-127A-47FB-BD22-6BE9EC601D5A}.Release|Any CPU.Build.0 = Release|Any CPU
		{B4CEC65A-E5C8-4872-A6AA-F1D036C95CD4}.Debug|Any CPU.ActiveCfg = Debug|Any CPU
		{B4CEC65A-E5C8-4872-A6AA-F1D036C95CD4}.Debug|Any CPU.Build.0 = Debug|Any CPU
		{B4CEC65A-E5C8-4872-A6AA-F1D036C95CD4}.Release|Any CPU.ActiveCfg = Release|Any CPU
		{B4CEC65A-E5C8-4872-A6AA-F1D036C95CD4}.Release|Any CPU.Build.0 = Release|Any CPU
		{9415FFAD-7690-45B4-84B1-4B6B9ADEB041}.Debug|Any CPU.ActiveCfg = Debug|Any CPU
		{9415FFAD-7690-45B4-84B1-4B6B9ADEB041}.Debug|Any CPU.Build.0 = Debug|Any CPU
		{9415FFAD-7690-45B4-84B1-4B6B9ADEB041}.Release|Any CPU.ActiveCfg = Release|Any CPU
		{9415FFAD-7690-45B4-84B1-4B6B9ADEB041}.Release|Any CPU.Build.0 = Release|Any CPU
	EndGlobalSection
	GlobalSection(SolutionProperties) = preSolution
		HideSolutionNode = FALSE
	EndGlobalSection
	GlobalSection(ExtensibilityGlobals) = postSolution
		SolutionGuid = {75FBB99C-EC40-4F4D-AAA4-6C95A2C2422B}
	EndGlobalSection
EndGlobal
